
Microsoft Visual Studio Solution File, Format Version 12.00
# Visual Studio Version 17
VisualStudioVersion = 17.6.33815.320
MinimumVisualStudioVersion = 10.0.40219.1
Project("{FAE04EC0-301F-11D3-BF4B-00C04F79EFBC}") = "Attributes and Serialization", "Attributes and Serialization\Attributes and Serialization.csproj", "{0C830239-D4E2-4B4D-A6DC-9FD1E513ECF8}"
EndProject
Global
	GlobalSection(SolutionConfigurationPlatforms) = preSolution
		Debug|Any CPU = Debug|Any CPU
		Release|Any CPU = Release|Any CPU
	EndGlobalSection
	GlobalSection(ProjectConfigurationPlatforms) = postSolution
		{0C830239-D4E2-4B4D-A6DC-9FD1E513ECF8}.Debug|Any CPU.ActiveCfg = Debug|Any CPU
		{0C830239-D4E2-4B4D-A6DC-9FD1E513ECF8}.Debug|Any CPU.Build.0 = Debug|Any CPU
		{0C830239-D4E2-4B4D-A6DC-9FD1E513ECF8}.Release|Any CPU.ActiveCfg = Release|Any CPU
		{0C830239-D4E2-4B4D-A6DC-9FD1E513ECF8}.Release|Any CPU.Build.0 = Release|Any CPU
	EndGlobalSection
	GlobalSection(SolutionProperties) = preSolution
		HideSolutionNode = FALSE
	EndGlobalSection
	GlobalSection(ExtensibilityGlobals) = postSolution
		SolutionGuid = {4034D4AC-7A37-4D88-A79F-4890A8AC29D6}
	EndGlobalSection
EndGlobal
